
Microsoft Visual Studio Solution File, Format Version 12.00
# Visual Studio Version 17
VisualStudioVersion = 17.14.37012.4
MinimumVisualStudioVersion = 10.0.40219.1
Project("{FAE04EC0-301F-11D3-BF4B-00C04F79EFBC}") = "CalculatorApp", "CalculatorApp\CalculatorApp.csproj", "{0B4A8380-3D3B-43D4-B83E-1D1886214770}"
EndProject
Project("{FAE04EC0-301F-11D3-BF4B-00C04F79EFBC}") = "CalculatorTests", "CalculatorTests\CalculatorTests.csproj", "{4EED628A-6AED-4DBF-A4E9-552D156A2477}"
EndProject
Project("{FAE04EC0-301F-11D3-BF4B-00C04F79EFBC}") = "TestRunner", "TestRunner\TestRunner.csproj", "{5D0A438E-C1AF-4581-973F-C6FB86682392}"
EndProject
Project("{2150E333-8FDC-42A3-9474-1A3956D46DE8}") = "Элементы решения", "Элементы решения", "{754FC069-D67B-A9D7-50A1-8D1CA196D8F1}"
	ProjectSection(SolutionItems) = preProject
		.gitignore = .gitignore
		README.md = README.md
	EndProjectSection
EndProject
Project("{FAE04EC0-301F-11D3-BF4B-00C04F79EFBC}") = "TestingLibrary", "TestingLibrary\TestingLibrary.csproj", "{F0FCE2A1-9200-4753-AA8A-3E8EBE462111}"
EndProject
Project("{FAE04EC0-301F-11D3-BF4B-00C04F79EFBC}") = "CustomThreadPool", "CustomThreadPool\CustomThreadPool.csproj", "{101D664A-5FD2-473F-8AC3-524C1F7F91D0}"
EndProject
Global
	GlobalSection(SolutionConfigurationPlatforms) = preSolution
		Debug|Any CPU = Debug|Any CPU
		Release|Any CPU = Release|Any CPU
	EndGlobalSection
	GlobalSection(ProjectConfigurationPlatforms) = postSolution
		{0B4A8380-3D3B-43D4-B83E-1D1886214770}.Debug|Any CPU.ActiveCfg = Debug|Any CPU
		{0B4A8380-3D3B-43D4-B83E-1D1886214770}.Debug|Any CPU.Build.0 = Debug|Any CPU
		{0B4A8380-3D3B-43D4-B83E-1D1886214770}.Release|Any CPU.ActiveCfg = Release|Any CPU
		{0B4A8380-3D3B-43D4-B83E-1D1886214770}.Release|Any CPU.Build.0 = Release|Any CPU
		{4EED628A-6AED-4DBF-A4E9-552D156A2477}.Debug|Any CPU.ActiveCfg = Debug|Any CPU
		{4EED628A-6AED-4DBF-A4E9-552D156A2477}.Debug|Any CPU.Build.0 = Debug|Any CPU
		{4EED628A-6AED-4DBF-A4E9-552D156A2477}.Release|Any CPU.ActiveCfg = Release|Any CPU
		{4EED628A-6AED-4DBF-A4E9-552D156A2477}.Release|Any CPU.Build.0 = Release|Any CPU
		{5D0A438E-C1AF-4581-973F-C6FB86682392}.Debug|Any CPU.ActiveCfg = Debug|Any CPU
		{5D0A438E-C1AF-4581-973F-C6FB86682392}.Debug|Any CPU.Build.0 = Debug|Any CPU
		{5D0A438E-C1AF-4581-973F-C6FB86682392}.Release|Any CPU.ActiveCfg = Release|Any CPU
		{5D0A438E-C1AF-4581-973F-C6FB86682392}.Release|Any CPU.Build.0 = Release|Any CPU
		{F0FCE2A1-9200-4753-AA8A-3E8EBE462111}.Debug|Any CPU.ActiveCfg = Debug|Any CPU
		{F0FCE2A1-9200-4753-AA8A-3E8EBE462111}.Debug|Any CPU.Build.0 = Debug|Any CPU
		{F0FCE2A1-9200-4753-AA8A-3E8EBE462111}.Release|Any CPU.ActiveCfg = Release|Any CPU
		{F0FCE2A1-9200-4753-AA8A-3E8EBE462111}.Release|Any CPU.Build.0 = Release|Any CPU
		{101D664A-5FD2-473F-8AC3-524C1F7F91D0}.Debug|Any CPU.ActiveCfg = Debug|Any CPU
		{101D664A-5FD2-473F-8AC3-524C1F7F91D0}.Debug|Any CPU.Build.0 = Debug|Any CPU
		{101D664A-5FD2-473F-8AC3-524C1F7F91D0}.Release|Any CPU.ActiveCfg = Release|Any CPU
		{101D664A-5FD2-473F-8AC3-524C1F7F91D0}.Release|Any CPU.Build.0 = Release|Any CPU
	EndGlobalSection
	GlobalSection(SolutionProperties) = preSolution
		HideSolutionNode = FALSE
	EndGlobalSection
	GlobalSection(ExtensibilityGlobals) = postSolution
		SolutionGuid = {38E0D0CE-8659-43F1-8800-559FA7A7E60B}
	EndGlobalSection
EndGlobal
